
Microsoft Visual Studio Solution File, Format Version 12.00
# Visual Studio Version 17
VisualStudioVersion = 17.0.31912.275
MinimumVisualStudioVersion = 10.0.40219.1
Project("{FAE04EC0-301F-11D3-BF4B-00C04F79EFBC}") = "Cli", "SmartSftpCopy\Cli.csproj", "{3F3B73B6-1C31-4FD8-827B-5DD8D0A3E784}"
EndProject
Project("{9A19103F-16F7-4668-BE54-9A1E7A4F7556}") = "FileSystem", "..\SuperJMN-Zafiro\Zafiro\Source\FileSystem\FileSystem.csproj", "{431C1660-773C-4C4E-9002-DFD2700DFDF7}"
EndProject
Project("{9A19103F-16F7-4668-BE54-9A1E7A4F7556}") = "SftpFileSystem", "..\SuperJMN-Zafiro\Zafiro\Source\SftpFileSystem\SftpFileSystem.csproj", "{4F5E44FD-0F3C-49C9-A181-DA5E8C6D8E02}"
EndProject
Project("{9A19103F-16F7-4668-BE54-9A1E7A4F7556}") = "SftpFileSystem.Tests", "..\SuperJMN-Zafiro\Zafiro\Source\SftpFileSystem.Tests\SftpFileSystem.Tests.csproj", "{9CC984A7-F678-414F-8774-6391B9F25A10}"
EndProject
Global
	GlobalSection(SolutionConfigurationPlatforms) = preSolution
		Debug|Any CPU = Debug|Any CPU
		Release|Any CPU = Release|Any CPU
	EndGlobalSection
	GlobalSection(ProjectConfigurationPlatforms) = postSolution
		{3F3B73B6-1C31-4FD8-827B-5DD8D0A3E784}.Debug|Any CPU.ActiveCfg = Debug|Any CPU
		{3F3B73B6-1C31-4FD8-827B-5DD8D0A3E784}.Debug|Any CPU.Build.0 = Debug|Any CPU
		{3F3B73B6-1C31-4FD8-827B-5DD8D0A3E784}.Release|Any CPU.ActiveCfg = Release|Any CPU
		{3F3B73B6-1C31-4FD8-827B-5DD8D0A3E784}.Release|Any CPU.Build.0 = Release|Any CPU
		{431C1660-773C-4C4E-9002-DFD2700DFDF7}.Debug|Any CPU.ActiveCfg = Debug|Any CPU
		{431C1660-773C-4C4E-9002-DFD2700DFDF7}.Debug|Any CPU.Build.0 = Debug|Any CPU
		{431C1660-773C-4C4E-9002-DFD2700DFDF7}.Release|Any CPU.ActiveCfg = Release|Any CPU
		{431C1660-773C-4C4E-9002-DFD2700DFDF7}.Release|Any CPU.Build.0 = Release|Any CPU
		{4F5E44FD-0F3C-49C9-A181-DA5E8C6D8E02}.Debug|Any CPU.ActiveCfg = Debug|Any CPU
		{4F5E44FD-0F3C-49C9-A181-DA5E8C6D8E02}.Debug|Any CPU.Build.0 = Debug|Any CPU
		{4F5E44FD-0F3C-49C9-A181-DA5E8C6D8E02}.Release|Any CPU.ActiveCfg = Release|Any CPU
		{4F5E44FD-0F3C-49C9-A181-DA5E8C6D8E02}.Release|Any CPU.Build.0 = Release|Any CPU
		{9CC984A7-F678-414F-8774-6391B9F25A10}.Debug|Any CPU.ActiveCfg = Debug|Any CPU
		{9CC984A7-F678-414F-8774-6391B9F25A10}.Debug|Any CPU.Build.0 = Debug|Any CPU
		{9CC984A7-F678-414F-8774-6391B9F25A10}.Release|Any CPU.ActiveCfg = Release|Any CPU
		{9CC984A7-F678-414F-8774-6391B9F25A10}.Release|Any CPU.Build.0 = Release|Any CPU
	EndGlobalSection
	GlobalSection(SolutionProperties) = preSolution
		HideSolutionNode = FALSE
	EndGlobalSection
	GlobalSection(ExtensibilityGlobals) = postSolution
		SolutionGuid = {252AF2AC-B186-4F4C-B6D1-3B3B17A119A6}
	EndGlobalSection
EndGlobal
