
Microsoft Visual Studio Solution File, Format Version 12.00
# Visual Studio Version 17
VisualStudioVersion = 17.0.31912.275
MinimumVisualStudioVersion = 10.0.40219.1
Project("{9A19103F-16F7-4668-BE54-9A1E7A4F7556}") = "FileSystem", "Zafiro\Source\FileSystem\FileSystem.csproj", "{85778E62-862E-4C20-BED3-139C72AF3F76}"
EndProject
Project("{2150E333-8FDC-42A3-9474-1A3956D46DE8}") = "Zafiro", "Zafiro", "{880F1EE4-EA3A-4E5D-B9B1-9EC821019DE8}"
EndProject
Project("{9A19103F-16F7-4668-BE54-9A1E7A4F7556}") = "FileSystem.Tests", "Zafiro\Source\FileSystem.Tests\FileSystem.Tests.csproj", "{5E0DC336-4838-4902-AA7C-F3996E3E03F2}"
EndProject
Project("{9A19103F-16F7-4668-BE54-9A1E7A4F7556}") = "SftpFileSystem", "Zafiro\Source\SftpFileSystem\SftpFileSystem.csproj", "{70B0DE41-44A5-4EC3-82CA-5EE0B4F98A78}"
EndProject
Project("{9A19103F-16F7-4668-BE54-9A1E7A4F7556}") = "SftpFileSystem.Tests", "Zafiro\Source\SftpFileSystem.Tests\SftpFileSystem.Tests.csproj", "{FECEEE4D-F72F-41EC-A0E2-C3E73896A2DF}"
EndProject
Project("{9A19103F-16F7-4668-BE54-9A1E7A4F7556}") = "Cli", "SmartSftp\Cli.csproj", "{F02B141F-4777-4AF4-B28E-FBBC9C0FF843}"
EndProject
Project("{9A19103F-16F7-4668-BE54-9A1E7A4F7556}") = "Core", "Core\Core.csproj", "{EFF10405-837F-4033-AE80-6E7E5F679049}"
EndProject
Project("{9A19103F-16F7-4668-BE54-9A1E7A4F7556}") = "Core.Tests", "Core.Tests\Core.Tests.csproj", "{4742D2AF-181C-40DB-8B82-3EE812196B71}"
EndProject
Project("{2150E333-8FDC-42A3-9474-1A3956D46DE8}") = "Solution Items", "Solution Items", "{F0E329FA-4FB4-450F-857D-38929209318C}"
	ProjectSection(SolutionItems) = preProject
		.editorconfig = .editorconfig
	EndProjectSection
EndProject
Project("{9A19103F-16F7-4668-BE54-9A1E7A4F7556}") = "Core", "Zafiro\Source\Core\Core.csproj", "{49B73DB4-2157-4AB4-9818-FF433AC6F087}"
EndProject
Global
	GlobalSection(SolutionConfigurationPlatforms) = preSolution
		Debug|Any CPU = Debug|Any CPU
		Release|Any CPU = Release|Any CPU
	EndGlobalSection
	GlobalSection(ProjectConfigurationPlatforms) = postSolution
		{85778E62-862E-4C20-BED3-139C72AF3F76}.Debug|Any CPU.ActiveCfg = Debug|Any CPU
		{85778E62-862E-4C20-BED3-139C72AF3F76}.Debug|Any CPU.Build.0 = Debug|Any CPU
		{85778E62-862E-4C20-BED3-139C72AF3F76}.Release|Any CPU.ActiveCfg = Release|Any CPU
		{85778E62-862E-4C20-BED3-139C72AF3F76}.Release|Any CPU.Build.0 = Release|Any CPU
		{5E0DC336-4838-4902-AA7C-F3996E3E03F2}.Debug|Any CPU.ActiveCfg = Debug|Any CPU
		{5E0DC336-4838-4902-AA7C-F3996E3E03F2}.Debug|Any CPU.Build.0 = Debug|Any CPU
		{5E0DC336-4838-4902-AA7C-F3996E3E03F2}.Release|Any CPU.ActiveCfg = Release|Any CPU
		{5E0DC336-4838-4902-AA7C-F3996E3E03F2}.Release|Any CPU.Build.0 = Release|Any CPU
		{70B0DE41-44A5-4EC3-82CA-5EE0B4F98A78}.Debug|Any CPU.ActiveCfg = Debug|Any CPU
		{70B0DE41-44A5-4EC3-82CA-5EE0B4F98A78}.Debug|Any CPU.Build.0 = Debug|Any CPU
		{70B0DE41-44A5-4EC3-82CA-5EE0B4F98A78}.Release|Any CPU.ActiveCfg = Release|Any CPU
		{70B0DE41-44A5-4EC3-82CA-5EE0B4F98A78}.Release|Any CPU.Build.0 = Release|Any CPU
		{FECEEE4D-F72F-41EC-A0E2-C3E73896A2DF}.Debug|Any CPU.ActiveCfg = Debug|Any CPU
		{FECEEE4D-F72F-41EC-A0E2-C3E73896A2DF}.Debug|Any CPU.Build.0 = Debug|Any CPU
		{FECEEE4D-F72F-41EC-A0E2-C3E73896A2DF}.Release|Any CPU.ActiveCfg = Release|Any CPU
		{FECEEE4D-F72F-41EC-A0E2-C3E73896A2DF}.Release|Any CPU.Build.0 = Release|Any CPU
		{F02B141F-4777-4AF4-B28E-FBBC9C0FF843}.Debug|Any CPU.ActiveCfg = Debug|Any CPU
		{F02B141F-4777-4AF4-B28E-FBBC9C0FF843}.Debug|Any CPU.Build.0 = Debug|Any CPU
		{F02B141F-4777-4AF4-B28E-FBBC9C0FF843}.Release|Any CPU.ActiveCfg = Release|Any CPU
		{F02B141F-4777-4AF4-B28E-FBBC9C0FF843}.Release|Any CPU.Build.0 = Release|Any CPU
		{EFF10405-837F-4033-AE80-6E7E5F679049}.Debug|Any CPU.ActiveCfg = Debug|Any CPU
		{EFF10405-837F-4033-AE80-6E7E5F679049}.Debug|Any CPU.Build.0 = Debug|Any CPU
		{EFF10405-837F-4033-AE80-6E7E5F679049}.Release|Any CPU.ActiveCfg = Release|Any CPU
		{EFF10405-837F-4033-AE80-6E7E5F679049}.Release|Any CPU.Build.0 = Release|Any CPU
		{4742D2AF-181C-40DB-8B82-3EE812196B71}.Debug|Any CPU.ActiveCfg = Debug|Any CPU
		{4742D2AF-181C-40DB-8B82-3EE812196B71}.Debug|Any CPU.Build.0 = Debug|Any CPU
		{4742D2AF-181C-40DB-8B82-3EE812196B71}.Release|Any CPU.ActiveCfg = Release|Any CPU
		{4742D2AF-181C-40DB-8B82-3EE812196B71}.Release|Any CPU.Build.0 = Release|Any CPU
		{49B73DB4-2157-4AB4-9818-FF433AC6F087}.Debug|Any CPU.ActiveCfg = Debug|Any CPU
		{49B73DB4-2157-4AB4-9818-FF433AC6F087}.Debug|Any CPU.Build.0 = Debug|Any CPU
		{49B73DB4-2157-4AB4-9818-FF433AC6F087}.Release|Any CPU.ActiveCfg = Release|Any CPU
		{49B73DB4-2157-4AB4-9818-FF433AC6F087}.Release|Any CPU.Build.0 = Release|Any CPU
	EndGlobalSection
	GlobalSection(SolutionProperties) = preSolution
		HideSolutionNode = FALSE
	EndGlobalSection
	GlobalSection(NestedProjects) = preSolution
		{85778E62-862E-4C20-BED3-139C72AF3F76} = {880F1EE4-EA3A-4E5D-B9B1-9EC821019DE8}
		{5E0DC336-4838-4902-AA7C-F3996E3E03F2} = {880F1EE4-EA3A-4E5D-B9B1-9EC821019DE8}
		{70B0DE41-44A5-4EC3-82CA-5EE0B4F98A78} = {880F1EE4-EA3A-4E5D-B9B1-9EC821019DE8}
		{FECEEE4D-F72F-41EC-A0E2-C3E73896A2DF} = {880F1EE4-EA3A-4E5D-B9B1-9EC821019DE8}
		{49B73DB4-2157-4AB4-9818-FF433AC6F087} = {880F1EE4-EA3A-4E5D-B9B1-9EC821019DE8}
	EndGlobalSection
	GlobalSection(ExtensibilityGlobals) = postSolution
		SolutionGuid = {252AF2AC-B186-4F4C-B6D1-3B3B17A119A6}
	EndGlobalSection
EndGlobal
